// !$*UTF8*$!
{
	archiveVersion = 1;
	classes = {
	};
	objectVersion = 46;
	objects = {

/* Begin PBXBuildFile section */
		BF15775618F2F2C60089C782 /* Foundation.framework in Frameworks */ = {isa = PBXBuildFile; fileRef = BF15775518F2F2C60089C782 /* Foundation.framework */; };
		BF15775818F2F2C60089C782 /* CoreGraphics.framework in Frameworks */ = {isa = PBXBuildFile; fileRef = BF15775718F2F2C60089C782 /* CoreGraphics.framework */; };
		BF15775A18F2F2C60089C782 /* UIKit.framework in Frameworks */ = {isa = PBXBuildFile; fileRef = BF15775918F2F2C60089C782 /* UIKit.framework */; };
		BF15776018F2F2C60089C782 /* InfoPlist.strings in Resources */ = {isa = PBXBuildFile; fileRef = BF15775E18F2F2C60089C782 /* InfoPlist.strings */; };
		BF15776218F2F2C60089C782 /* main.m in Sources */ = {isa = PBXBuildFile; fileRef = BF15776118F2F2C60089C782 /* main.m */; };
		BF15776E18F2F2C60089C782 /* Images.xcassets in Resources */ = {isa = PBXBuildFile; fileRef = BF15776D18F2F2C60089C782 /* Images.xcassets */; };
		BF15777518F2F2C60089C782 /* XCTest.framework in Frameworks */ = {isa = PBXBuildFile; fileRef = BF15777418F2F2C60089C782 /* XCTest.framework */; };
		BF15777618F2F2C60089C782 /* Foundation.framework in Frameworks */ = {isa = PBXBuildFile; fileRef = BF15775518F2F2C60089C782 /* Foundation.framework */; };
		BF15777718F2F2C60089C782 /* UIKit.framework in Frameworks */ = {isa = PBXBuildFile; fileRef = BF15775918F2F2C60089C782 /* UIKit.framework */; };
		BF15777F18F2F2C60089C782 /* InfoPlist.strings in Resources */ = {isa = PBXBuildFile; fileRef = BF15777D18F2F2C60089C782 /* InfoPlist.strings */; };
		BF15778118F2F2C60089C782 /* BitPixTests.m in Sources */ = {isa = PBXBuildFile; fileRef = BF15778018F2F2C60089C782 /* BitPixTests.m */; };
		BF15779018F2F32D0089C782 /* LaunchViewController.m in Sources */ = {isa = PBXBuildFile; fileRef = BF15778B18F2F32D0089C782 /* LaunchViewController.m */; };
		BF15779118F2F32D0089C782 /* CameraViewController.m in Sources */ = {isa = PBXBuildFile; fileRef = BF15778D18F2F32D0089C782 /* CameraViewController.m */; };
		BF15779218F2F32D0089C782 /* PreviewViewController.m in Sources */ = {isa = PBXBuildFile; fileRef = BF15778F18F2F32D0089C782 /* PreviewViewController.m */; };
		BF15779418F2F3370089C782 /* Main.storyboard in Resources */ = {isa = PBXBuildFile; fileRef = BF15779318F2F3370089C782 /* Main.storyboard */; };
		BF15779718F2F35D0089C782 /* AppDelegate.m in Sources */ = {isa = PBXBuildFile; fileRef = BF15779618F2F35D0089C782 /* AppDelegate.m */; };
		BF15779918F2F4410089C782 /* Extrude.ttf in Resources */ = {isa = PBXBuildFile; fileRef = BF15779818F2F4410089C782 /* Extrude.ttf */; };
/* End PBXBuildFile section */

/* Begin PBXContainerItemProxy section */
		BF15777818F2F2C60089C782 /* PBXContainerItemProxy */ = {
			isa = PBXContainerItemProxy;
			containerPortal = BF15774A18F2F2C60089C782 /* Project object */;
			proxyType = 1;
			remoteGlobalIDString = BF15775118F2F2C60089C782;
			remoteInfo = BitPix;
		};
/* End PBXContainerItemProxy section */

/* Begin PBXFileReference section */
		BF15775218F2F2C60089C782 /* BitPix.app */ = {isa = PBXFileReference; explicitFileType = wrapper.application; includeInIndex = 0; path = BitPix.app; sourceTree = BUILT_PRODUCTS_DIR; };
		BF15775518F2F2C60089C782 /* Foundation.framework */ = {isa = PBXFileReference; lastKnownFileType = wrapper.framework; name = Foundation.framework; path = System/Library/Frameworks/Foundation.framework; sourceTree = SDKROOT; };
		BF15775718F2F2C60089C782 /* CoreGraphics.framework */ = {isa = PBXFileReference; lastKnownFileType = wrapper.framework; name = CoreGraphics.framework; path = System/Library/Frameworks/CoreGraphics.framework; sourceTree = SDKROOT; };
		BF15775918F2F2C60089C782 /* UIKit.framework */ = {isa = PBXFileReference; lastKnownFileType = wrapper.framework; name = UIKit.framework; path = System/Library/Frameworks/UIKit.framework; sourceTree = SDKROOT; };
		BF15775D18F2F2C60089C782 /* BitPix-Info.plist */ = {isa = PBXFileReference; lastKnownFileType = text.plist.xml; path = "BitPix-Info.plist"; sourceTree = "<group>"; };
		BF15775F18F2F2C60089C782 /* en */ = {isa = PBXFileReference; lastKnownFileType = text.plist.strings; name = en; path = en.lproj/InfoPlist.strings; sourceTree = "<group>"; };
		BF15776118F2F2C60089C782 /* main.m */ = {isa = PBXFileReference; lastKnownFileType = sourcecode.c.objc; path = main.m; sourceTree = "<group>"; };
		BF15776318F2F2C60089C782 /* BitPix-Prefix.pch */ = {isa = PBXFileReference; lastKnownFileType = sourcecode.c.h; path = "BitPix-Prefix.pch"; sourceTree = "<group>"; };
		BF15776D18F2F2C60089C782 /* Images.xcassets */ = {isa = PBXFileReference; lastKnownFileType = folder.assetcatalog; path = Images.xcassets; sourceTree = "<group>"; };
		BF15777318F2F2C60089C782 /* BitPixTests.xctest */ = {isa = PBXFileReference; explicitFileType = wrapper.cfbundle; includeInIndex = 0; path = BitPixTests.xctest; sourceTree = BUILT_PRODUCTS_DIR; };
		BF15777418F2F2C60089C782 /* XCTest.framework */ = {isa = PBXFileReference; lastKnownFileType = wrapper.framework; name = XCTest.framework; path = Library/Frameworks/XCTest.framework; sourceTree = DEVELOPER_DIR; };
		BF15777C18F2F2C60089C782 /* BitPixTests-Info.plist */ = {isa = PBXFileReference; lastKnownFileType = text.plist.xml; path = "BitPixTests-Info.plist"; sourceTree = "<group>"; };
		BF15777E18F2F2C60089C782 /* en */ = {isa = PBXFileReference; lastKnownFileType = text.plist.strings; name = en; path = en.lproj/InfoPlist.strings; sourceTree = "<group>"; };
		BF15778018F2F2C60089C782 /* BitPixTests.m */ = {isa = PBXFileReference; lastKnownFileType = sourcecode.c.objc; path = BitPixTests.m; sourceTree = "<group>"; };
		BF15778A18F2F32D0089C782 /* LaunchViewController.h */ = {isa = PBXFileReference; fileEncoding = 4; lastKnownFileType = sourcecode.c.h; path = LaunchViewController.h; sourceTree = "<group>"; };
		BF15778B18F2F32D0089C782 /* LaunchViewController.m */ = {isa = PBXFileReference; fileEncoding = 4; lastKnownFileType = sourcecode.c.objc; path = LaunchViewController.m; sourceTree = "<group>"; };
		BF15778C18F2F32D0089C782 /* CameraViewController.h */ = {isa = PBXFileReference; fileEncoding = 4; lastKnownFileType = sourcecode.c.h; path = CameraViewController.h; sourceTree = "<group>"; };
		BF15778D18F2F32D0089C782 /* CameraViewController.m */ = {isa = PBXFileReference; fileEncoding = 4; lastKnownFileType = sourcecode.c.objc; path = CameraViewController.m; sourceTree = "<group>"; };
		BF15778E18F2F32D0089C782 /* PreviewViewController.h */ = {isa = PBXFileReference; fileEncoding = 4; lastKnownFileType = sourcecode.c.h; path = PreviewViewController.h; sourceTree = "<group>"; };
		BF15778F18F2F32D0089C782 /* PreviewViewController.m */ = {isa = PBXFileReference; fileEncoding = 4; lastKnownFileType = sourcecode.c.objc; path = PreviewViewController.m; sourceTree = "<group>"; };
		BF15779318F2F3370089C782 /* Main.storyboard */ = {isa = PBXFileReference; fileEncoding = 4; lastKnownFileType = file.storyboard; path = Main.storyboard; sourceTree = "<group>"; };
		BF15779518F2F35D0089C782 /* AppDelegate.h */ = {isa = PBXFileReference; fileEncoding = 4; lastKnownFileType = sourcecode.c.h; path = AppDelegate.h; sourceTree = "<group>"; };
		BF15779618F2F35D0089C782 /* AppDelegate.m */ = {isa = PBXFileReference; fileEncoding = 4; lastKnownFileType = sourcecode.c.objc; path = AppDelegate.m; sourceTree = "<group>"; };
		BF15779818F2F4410089C782 /* Extrude.ttf */ = {isa = PBXFileReference; lastKnownFileType = file; path = Extrude.ttf; sourceTree = "<group>"; };
/* End PBXFileReference section */

/* Begin PBXFrameworksBuildPhase section */
		BF15774F18F2F2C60089C782 /* Frameworks */ = {
			isa = PBXFrameworksBuildPhase;
			buildActionMask = 2147483647;
			files = (
				BF15775818F2F2C60089C782 /* CoreGraphics.framework in Frameworks */,
				BF15775A18F2F2C60089C782 /* UIKit.framework in Frameworks */,
				BF15775618F2F2C60089C782 /* Foundation.framework in Frameworks */,
			);
			runOnlyForDeploymentPostprocessing = 0;
		};
		BF15777018F2F2C60089C782 /* Frameworks */ = {
			isa = PBXFrameworksBuildPhase;
			buildActionMask = 2147483647;
			files = (
				BF15777518F2F2C60089C782 /* XCTest.framework in Frameworks */,
				BF15777718F2F2C60089C782 /* UIKit.framework in Frameworks */,
				BF15777618F2F2C60089C782 /* Foundation.framework in Frameworks */,
			);
			runOnlyForDeploymentPostprocessing = 0;
		};
/* End PBXFrameworksBuildPhase section */

/* Begin PBXGroup section */
		BF15774918F2F2C60089C782 = {
			isa = PBXGroup;
			children = (
				BF15775B18F2F2C60089C782 /* BitPix */,
				BF15777A18F2F2C60089C782 /* BitPixTests */,
				BF15775418F2F2C60089C782 /* Frameworks */,
				BF15775318F2F2C60089C782 /* Products */,
			);
			sourceTree = "<group>";
		};
		BF15775318F2F2C60089C782 /* Products */ = {
			isa = PBXGroup;
			children = (
				BF15775218F2F2C60089C782 /* BitPix.app */,
				BF15777318F2F2C60089C782 /* BitPixTests.xctest */,
			);
			name = Products;
			sourceTree = "<group>";
		};
		BF15775418F2F2C60089C782 /* Frameworks */ = {
			isa = PBXGroup;
			children = (
				BF15775518F2F2C60089C782 /* Foundation.framework */,
				BF15775718F2F2C60089C782 /* CoreGraphics.framework */,
				BF15775918F2F2C60089C782 /* UIKit.framework */,
				BF15777418F2F2C60089C782 /* XCTest.framework */,
			);
			name = Frameworks;
			sourceTree = "<group>";
		};
		BF15775B18F2F2C60089C782 /* BitPix */ = {
			isa = PBXGroup;
			children = (
				BF15779518F2F35D0089C782 /* AppDelegate.h */,
				BF15779618F2F35D0089C782 /* AppDelegate.m */,
				BF15779318F2F3370089C782 /* Main.storyboard */,
				BF15778A18F2F32D0089C782 /* LaunchViewController.h */,
				BF15778B18F2F32D0089C782 /* LaunchViewController.m */,
				BF15778C18F2F32D0089C782 /* CameraViewController.h */,
				BF15778D18F2F32D0089C782 /* CameraViewController.m */,
				BF15778E18F2F32D0089C782 /* PreviewViewController.h */,
				BF15778F18F2F32D0089C782 /* PreviewViewController.m */,
				BF15776D18F2F2C60089C782 /* Images.xcassets */,
				BF15775C18F2F2C60089C782 /* Supporting Files */,
			);
			path = BitPix;
			sourceTree = "<group>";
		};
		BF15775C18F2F2C60089C782 /* Supporting Files */ = {
			isa = PBXGroup;
			children = (
				BF15779818F2F4410089C782 /* Extrude.ttf */,
				BF15775D18F2F2C60089C782 /* BitPix-Info.plist */,
				BF15775E18F2F2C60089C782 /* InfoPlist.strings */,
				BF15776118F2F2C60089C782 /* main.m */,
				BF15776318F2F2C60089C782 /* BitPix-Prefix.pch */,
			);
			name = "Supporting Files";
			sourceTree = "<group>";
		};
		BF15777A18F2F2C60089C782 /* BitPixTests */ = {
			isa = PBXGroup;
			children = (
				BF15778018F2F2C60089C782 /* BitPixTests.m */,
				BF15777B18F2F2C60089C782 /* Supporting Files */,
			);
			path = BitPixTests;
			sourceTree = "<group>";
		};
		BF15777B18F2F2C60089C782 /* Supporting Files */ = {
			isa = PBXGroup;
			children = (
				BF15777C18F2F2C60089C782 /* BitPixTests-Info.plist */,
				BF15777D18F2F2C60089C782 /* InfoPlist.strings */,
			);
			name = "Supporting Files";
			sourceTree = "<group>";
		};
/* End PBXGroup section */

/* Begin PBXNativeTarget section */
		BF15775118F2F2C60089C782 /* BitPix */ = {
			isa = PBXNativeTarget;
			buildConfigurationList = BF15778418F2F2C60089C782 /* Build configuration list for PBXNativeTarget "BitPix" */;
			buildPhases = (
				BF15774E18F2F2C60089C782 /* Sources */,
				BF15774F18F2F2C60089C782 /* Frameworks */,
				BF15775018F2F2C60089C782 /* Resources */,
			);
			buildRules = (
			);
			dependencies = (
			);
			name = BitPix;
			productName = BitPix;
			productReference = BF15775218F2F2C60089C782 /* BitPix.app */;
			productType = "com.apple.product-type.application";
		};
		BF15777218F2F2C60089C782 /* BitPixTests */ = {
			isa = PBXNativeTarget;
			buildConfigurationList = BF15778718F2F2C60089C782 /* Build configuration list for PBXNativeTarget "BitPixTests" */;
			buildPhases = (
				BF15776F18F2F2C60089C782 /* Sources */,
				BF15777018F2F2C60089C782 /* Frameworks */,
				BF15777118F2F2C60089C782 /* Resources */,
			);
			buildRules = (
			);
			dependencies = (
				BF15777918F2F2C60089C782 /* PBXTargetDependency */,
			);
			name = BitPixTests;
			productName = BitPixTests;
			productReference = BF15777318F2F2C60089C782 /* BitPixTests.xctest */;
			productType = "com.apple.product-type.bundle.unit-test";
		};
/* End PBXNativeTarget section */

/* Begin PBXProject section */
		BF15774A18F2F2C60089C782 /* Project object */ = {
			isa = PBXProject;
			attributes = {
				LastUpgradeCheck = 0510;
				ORGANIZATIONNAME = "Vektor Digital";
				TargetAttributes = {
					BF15777218F2F2C60089C782 = {
						TestTargetID = BF15775118F2F2C60089C782;
					};
				};
			};
			buildConfigurationList = BF15774D18F2F2C60089C782 /* Build configuration list for PBXProject "BitPix" */;
			compatibilityVersion = "Xcode 3.2";
			developmentRegion = English;
			hasScannedForEncodings = 0;
			knownRegions = (
				en,
				Base,
			);
			mainGroup = BF15774918F2F2C60089C782;
			productRefGroup = BF15775318F2F2C60089C782 /* Products */;
			projectDirPath = "";
			projectRoot = "";
			targets = (
				BF15775118F2F2C60089C782 /* BitPix */,
				BF15777218F2F2C60089C782 /* BitPixTests */,
			);
		};
/* End PBXProject section */

/* Begin PBXResourcesBuildPhase section */
		BF15775018F2F2C60089C782 /* Resources */ = {
			isa = PBXResourcesBuildPhase;
			buildActionMask = 2147483647;
			files = (
				BF15779918F2F4410089C782 /* Extrude.ttf in Resources */,
				BF15776E18F2F2C60089C782 /* Images.xcassets in Resources */,
				BF15776018F2F2C60089C782 /* InfoPlist.strings in Resources */,
				BF15779418F2F3370089C782 /* Main.storyboard in Resources */,
			);
			runOnlyForDeploymentPostprocessing = 0;
		};
		BF15777118F2F2C60089C782 /* Resources */ = {
			isa = PBXResourcesBuildPhase;
			buildActionMask = 2147483647;
			files = (
				BF15777F18F2F2C60089C782 /* InfoPlist.strings in Resources */,
			);
			runOnlyForDeploymentPostprocessing = 0;
		};
/* End PBXResourcesBuildPhase section */

/* Begin PBXSourcesBuildPhase section */
		BF15774E18F2F2C60089C782 /* Sources */ = {
			isa = PBXSourcesBuildPhase;
			buildActionMask = 2147483647;
			files = (
				BF15779118F2F32D0089C782 /* CameraViewController.m in Sources */,
				BF15779718F2F35D0089C782 /* AppDelegate.m in Sources */,
				BF15776218F2F2C60089C782 /* main.m in Sources */,
				BF15779018F2F32D0089C782 /* LaunchViewController.m in Sources */,
				BF15779218F2F32D0089C782 /* PreviewViewController.m in Sources */,
			);
			runOnlyForDeploymentPostprocessing = 0;
		};
		BF15776F18F2F2C60089C782 /* Sources */ = {
			isa = PBXSourcesBuildPhase;
			buildActionMask = 2147483647;
			files = (
				BF15778118F2F2C60089C782 /* BitPixTests.m in Sources */,
			);
			runOnlyForDeploymentPostprocessing = 0;
		};
/* End PBXSourcesBuildPhase section */

/* Begin PBXTargetDependency section */
		BF15777918F2F2C60089C782 /* PBXTargetDependency */ = {
			isa = PBXTargetDependency;
			target = BF15775118F2F2C60089C782 /* BitPix */;
			targetProxy = BF15777818F2F2C60089C782 /* PBXContainerItemProxy */;
		};
/* End PBXTargetDependency section */

/* Begin PBXVariantGroup section */
		BF15775E18F2F2C60089C782 /* InfoPlist.strings */ = {
			isa = PBXVariantGroup;
			children = (
				BF15775F18F2F2C60089C782 /* en */,
			);
			name = InfoPlist.strings;
			sourceTree = "<group>";
		};
		BF15777D18F2F2C60089C782 /* InfoPlist.strings */ = {
			isa = PBXVariantGroup;
			children = (
				BF15777E18F2F2C60089C782 /* en */,
			);
			name = InfoPlist.strings;
			sourceTree = "<group>";
		};
/* End PBXVariantGroup section */

/* Begin XCBuildConfiguration section */
		BF15778218F2F2C60089C782 /* Debug */ = {
			isa = XCBuildConfiguration;
			buildSettings = {
				ALWAYS_SEARCH_USER_PATHS = NO;
				CLANG_CXX_LANGUAGE_STANDARD = "gnu++0x";
				CLANG_CXX_LIBRARY = "libc++";
				CLANG_ENABLE_MODULES = YES;
				CLANG_ENABLE_OBJC_ARC = YES;
				CLANG_WARN_BOOL_CONVERSION = YES;
				CLANG_WARN_CONSTANT_CONVERSION = YES;
				CLANG_WARN_DIRECT_OBJC_ISA_USAGE = YES_ERROR;
				CLANG_WARN_EMPTY_BODY = YES;
				CLANG_WARN_ENUM_CONVERSION = YES;
				CLANG_WARN_INT_CONVERSION = YES;
				CLANG_WARN_OBJC_ROOT_CLASS = YES_ERROR;
				CLANG_WARN__DUPLICATE_METHOD_MATCH = YES;
				"CODE_SIGN_IDENTITY[sdk=iphoneos*]" = "iPhone Developer";
				COPY_PHASE_STRIP = NO;
				GCC_C_LANGUAGE_STANDARD = gnu99;
				GCC_DYNAMIC_NO_PIC = NO;
				GCC_OPTIMIZATION_LEVEL = 0;
				GCC_PREPROCESSOR_DEFINITIONS = (
					"DEBUG=1",
					"$(inherited)",
				);
				GCC_SYMBOLS_PRIVATE_EXTERN = NO;
				GCC_WARN_64_TO_32_BIT_CONVERSION = YES;
				GCC_WARN_ABOUT_RETURN_TYPE = YES_ERROR;
				GCC_WARN_UNDECLARED_SELECTOR = YES;
				GCC_WARN_UNINITIALIZED_AUTOS = YES_AGGRESSIVE;
				GCC_WARN_UNUSED_FUNCTION = YES;
				GCC_WARN_UNUSED_VARIABLE = YES;
				IPHONEOS_DEPLOYMENT_TARGET = 7.1;
				ONLY_ACTIVE_ARCH = YES;
				SDKROOT = iphoneos;
			};
			name = Debug;
		};
		BF15778318F2F2C60089C782 /* Release */ = {
			isa = XCBuildConfiguration;
			buildSettings = {
				ALWAYS_SEARCH_USER_PATHS = NO;
				CLANG_CXX_LANGUAGE_STANDARD = "gnu++0x";
				CLANG_CXX_LIBRARY = "libc++";
				CLANG_ENABLE_MODULES = YES;
				CLANG_ENABLE_OBJC_ARC = YES;
				CLANG_WARN_BOOL_CONVERSION = YES;
				CLANG_WARN_CONSTANT_CONVERSION = YES;
				CLANG_WARN_DIRECT_OBJC_ISA_USAGE = YES_ERROR;
				CLANG_WARN_EMPTY_BODY = YES;
				CLANG_WARN_ENUM_CONVERSION = YES;
				CLANG_WARN_INT_CONVERSION = YES;
				CLANG_WARN_OBJC_ROOT_CLASS = YES_ERROR;
				CLANG_WARN__DUPLICATE_METHOD_MATCH = YES;
				"CODE_SIGN_IDENTITY[sdk=iphoneos*]" = "iPhone Developer";
				COPY_PHASE_STRIP = YES;
				ENABLE_NS_ASSERTIONS = NO;
				GCC_C_LANGUAGE_STANDARD = gnu99;
				GCC_WARN_64_TO_32_BIT_CONVERSION = YES;
				GCC_WARN_ABOUT_RETURN_TYPE = YES_ERROR;
				GCC_WARN_UNDECLARED_SELECTOR = YES;
				GCC_WARN_UNINITIALIZED_AUTOS = YES_AGGRESSIVE;
				GCC_WARN_UNUSED_FUNCTION = YES;
				GCC_WARN_UNUSED_VARIABLE = YES;
				IPHONEOS_DEPLOYMENT_TARGET = 7.1;
				SDKROOT = iphoneos;
				VALIDATE_PRODUCT = YES;
			};
			name = Release;
		};
		BF15778518F2F2C60089C782 /* Debug */ = {
			isa = XCBuildConfiguration;
			buildSettings = {
				ASSETCATALOG_COMPILER_APPICON_NAME = AppIcon;
				ASSETCATALOG_COMPILER_LAUNCHIMAGE_NAME = LaunchImage;
				GCC_PRECOMPILE_PREFIX_HEADER = YES;
				GCC_PREFIX_HEADER = "BitPix/BitPix-Prefix.pch";
				INFOPLIST_FILE = "BitPix/BitPix-Info.plist";
				PRODUCT_NAME = "$(TARGET_NAME)";
				WRAPPER_EXTENSION = app;
			};
			name = Debug;
		};
		BF15778618F2F2C60089C782 /* Release */ = {
			isa = XCBuildConfiguration;
			buildSettings = {
				ASSETCATALOG_COMPILER_APPICON_NAME = AppIcon;
				ASSETCATALOG_COMPILER_LAUNCHIMAGE_NAME = LaunchImage;
				GCC_PRECOMPILE_PREFIX_HEADER = YES;
				GCC_PREFIX_HEADER = "BitPix/BitPix-Prefix.pch";
				INFOPLIST_FILE = "BitPix/BitPix-Info.plist";
				PRODUCT_NAME = "$(TARGET_NAME)";
				WRAPPER_EXTENSION = app;
			};
			name = Release;
		};
		BF15778818F2F2C60089C782 /* Debug */ = {
			isa = XCBuildConfiguration;
			buildSettings = {
				BUNDLE_LOADER = "$(BUILT_PRODUCTS_DIR)/BitPix.app/BitPix";
				FRAMEWORK_SEARCH_PATHS = (
					"$(SDKROOT)/Developer/Library/Frameworks",
					"$(inherited)",
					"$(DEVELOPER_FRAMEWORKS_DIR)",
				);
				GCC_PRECOMPILE_PREFIX_HEADER = YES;
				GCC_PREFIX_HEADER = "BitPix/BitPix-Prefix.pch";
				GCC_PREPROCESSOR_DEFINITIONS = (
					"DEBUG=1",
					"$(inherited)",
				);
				INFOPLIST_FILE = "BitPixTests/BitPixTests-Info.plist";
				PRODUCT_NAME = "$(TARGET_NAME)";
				TEST_HOST = "$(BUNDLE_LOADER)";
				WRAPPER_EXTENSION = xctest;
			};
			name = Debug;
		};
		BF15778918F2F2C60089C782 /* Release */ = {
			isa = XCBuildConfiguration;
			buildSettings = {
				BUNDLE_LOADER = "$(BUILT_PRODUCTS_DIR)/BitPix.app/BitPix";
				FRAMEWORK_SEARCH_PATHS = (
					"$(SDKROOT)/Developer/Library/Frameworks",
					"$(inherited)",
					"$(DEVELOPER_FRAMEWORKS_DIR)",
				);
				GCC_PRECOMPILE_PREFIX_HEADER = YES;
				GCC_PREFIX_HEADER = "BitPix/BitPix-Prefix.pch";
				INFOPLIST_FILE = "BitPixTests/BitPixTests-Info.plist";
				PRODUCT_NAME = "$(TARGET_NAME)";
				TEST_HOST = "$(BUNDLE_LOADER)";
				WRAPPER_EXTENSION = xctest;
			};
			name = Release;
		};
/* End XCBuildConfiguration section */

/* Begin XCConfigurationList section */
		BF15774D18F2F2C60089C782 /* Build configuration list for PBXProject "BitPix" */ = {
			isa = XCConfigurationList;
			buildConfigurations = (
				BF15778218F2F2C60089C782 /* Debug */,
				BF15778318F2F2C60089C782 /* Release */,
			);
			defaultConfigurationIsVisible = 0;
			defaultConfigurationName = Release;
		};
		BF15778418F2F2C60089C782 /* Build configuration list for PBXNativeTarget "BitPix" */ = {
			isa = XCConfigurationList;
			buildConfigurations = (
				BF15778518F2F2C60089C782 /* Debug */,
				BF15778618F2F2C60089C782 /* Release */,
			);
			defaultConfigurationIsVisible = 0;
		};
		BF15778718F2F2C60089C782 /* Build configuration list for PBXNativeTarget "BitPixTests" */ = {
			isa = XCConfigurationList;
			buildConfigurations = (
				BF15778818F2F2C60089C782 /* Debug */,
				BF15778918F2F2C60089C782 /* Release */,
			);
			defaultConfigurationIsVisible = 0;
		};
/* End XCConfigurationList section */
	};
	rootObject = BF15774A18F2F2C60089C782 /* Project object */;
}
